
Microsoft Visual Studio Solution File, Format Version 12.00
# Visual Studio 15
VisualStudioVersion = 15.0.27428.2037
MinimumVisualStudioVersion = 10.0.40219.1
Project("{FAE04EC0-301F-11D3-BF4B-00C04F79EFBC}") = "OdeToFood", "OdeToFood\OdeToFood.csproj", "{89F623F1-06FF-4589-B7D2-FA02B0B2D4A8}"
EndProject
Global
	GlobalSection(SolutionConfigurationPlatforms) = preSolution
		Debug|Any CPU = Debug|Any CPU
		Release|Any CPU = Release|Any CPU
	EndGlobalSection
	GlobalSection(ProjectConfigurationPlatforms) = postSolution
		{89F623F1-06FF-4589-B7D2-FA02B0B2D4A8}.Debug|Any CPU.ActiveCfg = Debug|Any CPU
		{89F623F1-06FF-4589-B7D2-FA02B0B2D4A8}.Debug|Any CPU.Build.0 = Debug|Any CPU
		{89F623F1-06FF-4589-B7D2-FA02B0B2D4A8}.Release|Any CPU.ActiveCfg = Release|Any CPU
		{89F623F1-06FF-4589-B7D2-FA02B0B2D4A8}.Release|Any CPU.Build.0 = Release|Any CPU
	EndGlobalSection
	GlobalSection(SolutionProperties) = preSolution
		HideSolutionNode = FALSE
	EndGlobalSection
	GlobalSection(ExtensibilityGlobals) = postSolution
		SolutionGuid = {FCD97E23-7291-472F-B363-755A6DF9904D}
	EndGlobalSection
EndGlobal
